Microsoft Visual Studio Solution File, Format Version 12.00
# Visual Studio 2012
Project("{FAE04EC0-301F-11D3-BF4B-00C04F79EFBC}") = "GDTest", "GDTest.csproj", "{E004CC14-8620-42C5-9B11-951749713BFF}"
EndProject
Global
	GlobalSection(SolutionConfigurationPlatforms) = preSolution
	Debug|Any CPU = Debug|Any CPU
	ExportDebug|Any CPU = ExportDebug|Any CPU
	ExportRelease|Any CPU = ExportRelease|Any CPU
	EndGlobalSection
	GlobalSection(ProjectConfigurationPlatforms) = postSolution
		{E004CC14-8620-42C5-9B11-951749713BFF}.Debug|Any CPU.ActiveCfg = Debug|Any CPU
		{E004CC14-8620-42C5-9B11-951749713BFF}.Debug|Any CPU.Build.0 = Debug|Any CPU
		{E004CC14-8620-42C5-9B11-951749713BFF}.ExportDebug|Any CPU.ActiveCfg = ExportDebug|Any CPU
		{E004CC14-8620-42C5-9B11-951749713BFF}.ExportDebug|Any CPU.Build.0 = ExportDebug|Any CPU
		{E004CC14-8620-42C5-9B11-951749713BFF}.ExportRelease|Any CPU.ActiveCfg = ExportRelease|Any CPU
		{E004CC14-8620-42C5-9B11-951749713BFF}.ExportRelease|Any CPU.Build.0 = ExportRelease|Any CPU
	EndGlobalSection
EndGlobal
